{
  "nodes": {
    "emacs-overlay": {
      "inputs": {
        "nixpkgs": "nixpkgs",
        "nixpkgs-stable": "nixpkgs-stable"
      },
      "locked": {
        "lastModified": 1730794820,
        "narHash": "sha256-UJ1D89beMdNVdsOIvhMrQkjNQrxK3dJX2YVC6zWJUgw=",
        "owner": "nix-community",
        "repo": "emacs-overlay",
        "rev": "3a071974344ba47573382596d91bd7a94beeac20",
        "type": "github"
      },
      "original": {
        "owner": "nix-community",
        "repo": "emacs-overlay",
        "type": "github"
      }
    },
    "emacsConfiguration": {
      "flake": false,
      "locked": {
        "lastModified": 1729952210,
        "narHash": "sha256-B87c4Vg3Xm3kmaZWcbacb+gWcfVRq5qp/rWYVUAmoWw=",
        "owner": "iammrinal0",
        "repo": ".emacs.d",
        "rev": "a83edf6062630240d3b670565193d8b4e3e9418a",
        "type": "github"
      },
      "original": {
        "owner": "iammrinal0",
        "repo": ".emacs.d",
        "type": "github"
      }
    },
    "flake-compat": {
      "flake": false,
      "locked": {
        "lastModified": 1696426674,
        "narHash": "sha256-kvjfFW7WAETZlt09AgDn1MrtKzP7t90Vf7vypd3OL1U=",
        "owner": "edolstra",
        "repo": "flake-compat",
        "rev": "0f9255e01c2351cc7d116c072cb317785dd33b33",
        "type": "github"
      },
      "original": {
        "owner": "edolstra",
        "repo": "flake-compat",
        "type": "github"
      }
    },
    "flake-utils": {
      "inputs": {
        "systems": "systems"
      },
      "locked": {
        "lastModified": 1710146030,
        "narHash": "sha256-SZ5L6eA7HJ/nmkzGG7/ISclqe6oZdOZTNoesiInkXPQ=",
        "owner": "numtide",
        "repo": "flake-utils",
        "rev": "b1d9ab70662946ef0850d488da1c9019f3a9752a",
        "type": "github"
      },
      "original": {
        "owner": "numtide",
        "repo": "flake-utils",
        "type": "github"
      }
    },
    "haskell-yesod-quasiquotes": {
      "flake": false,
      "locked": {
        "lastModified": 1643699202,
        "narHash": "sha256-vnNiYxHRnYCyMC6ciMoPEgnLYsEN8DiaSdXp39x70Ak=",
        "owner": "kronor-io",
        "repo": "haskell-yesod-quasiquotes",
        "rev": "8e4cf69c049c950ef8ae583039939e25d8a3a36c",
        "type": "github"
      },
      "original": {
        "owner": "kronor-io",
        "repo": "haskell-yesod-quasiquotes",
        "type": "github"
      }
    },
    "home-manager": {
      "inputs": {
        "nixpkgs": [
          "nixpkgs"
        ]
      },
      "locked": {
        "lastModified": 1730633670,
        "narHash": "sha256-ZFJqIXpvVKvzOVFKWNRDyIyAo+GYdmEPaYi1bZB6uf0=",
        "owner": "nix-community",
        "repo": "home-manager",
        "rev": "8f6ca7855d409aeebe2a582c6fd6b6a8d0bf5661",
        "type": "github"
      },
      "original": {
        "owner": "nix-community",
        "repo": "home-manager",
        "type": "github"
      }
    },
    "keepmenu": {
      "inputs": {
        "nixpkgs": "nixpkgs_2"
      },
      "locked": {
        "lastModified": 1728964081,
        "narHash": "sha256-o2dQaysIpNG0CLvE4Jb/V5+LKsztfoOsMUKna6ymdg0=",
        "owner": "firecat53",
        "repo": "keepmenu",
        "rev": "7d423f1d4a33eb8c2f25eb561f693dfd7106fcde",
        "type": "github"
      },
      "original": {
        "owner": "firecat53",
        "repo": "keepmenu",
        "type": "github"
      }
    },
    "nix-vscode-extensions": {
      "inputs": {
        "flake-compat": "flake-compat",
        "flake-utils": "flake-utils",
        "nixpkgs": "nixpkgs_3"
      },
      "locked": {
        "lastModified": 1730771180,
        "narHash": "sha256-VSPWndy0ChZobMOS283g1KItO+jLfzTLNaFSN+Lixlw=",
        "owner": "nix-community",
        "repo": "nix-vscode-extensions",
        "rev": "77da8f3bed69932db301f372119ed71c439193b7",
        "type": "github"
      },
      "original": {
        "owner": "nix-community",
        "repo": "nix-vscode-extensions",
        "type": "github"
      }
    },
    "nixos-hardware": {
      "locked": {
        "lastModified": 1730537918,
        "narHash": "sha256-GJB1/aaTnAtt9sso/EQ77TAGJ/rt6uvlP0RqZFnWue8=",
        "owner": "NixOS",
        "repo": "nixos-hardware",
        "rev": "f6e0cd5c47d150c4718199084e5764f968f1b560",
        "type": "github"
      },
      "original": {
        "owner": "NixOS",
        "ref": "master",
        "repo": "nixos-hardware",
        "type": "github"
      }
    },
    "nixpkgs": {
      "locked": {
        "lastModified": 1730531603,
        "narHash": "sha256-Dqg6si5CqIzm87sp57j5nTaeBbWhHFaVyG7V6L8k3lY=",
        "owner": "NixOS",
        "repo": "nixpkgs",
        "rev": "7ffd9ae656aec493492b44d0ddfb28e79a1ea25d",
        "type": "github"
      },
      "original": {
        "owner": "NixOS",
        "ref": "nixos-unstable",
        "repo": "nixpkgs",
        "type": "github"
      }
    },
    "nixpkgs-stable": {
      "locked": {
        "lastModified": 1730741070,
        "narHash": "sha256-edm8WG19kWozJ/GqyYx2VjW99EdhjKwbY3ZwdlPAAlo=",
        "owner": "NixOS",
        "repo": "nixpkgs",
        "rev": "d063c1dd113c91ab27959ba540c0d9753409edf3",
        "type": "github"
      },
      "original": {
        "owner": "NixOS",
        "ref": "nixos-24.05",
        "repo": "nixpkgs",
        "type": "github"
      }
    },
    "nixpkgs-stable_2": {
      "locked": {
        "lastModified": 1730602179,
        "narHash": "sha256-efgLzQAWSzJuCLiCaQUCDu4NudNlHdg2NzGLX5GYaEY=",
        "owner": "NixOS",
        "repo": "nixpkgs",
        "rev": "3c2f1c4ca372622cb2f9de8016c9a0b1cbd0f37c",
        "type": "github"
      },
      "original": {
        "owner": "NixOS",
        "ref": "release-24.05",
        "repo": "nixpkgs",
        "type": "github"
      }
    },
    "nixpkgs_2": {
      "locked": {
        "lastModified": 1728928243,
        "narHash": "sha256-x73dctopottEVL3XAbkMioOCFiG8K/ZKA14qeNJVfvI=",
        "owner": "NixOS",
        "repo": "nixpkgs",
        "rev": "9cc103ef59199821daec845006af83b105ce9c37",
        "type": "github"
      },
      "original": {
        "owner": "NixOS",
        "repo": "nixpkgs",
        "type": "github"
      }
    },
    "nixpkgs_3": {
      "locked": {
        "lastModified": 1713805509,
        "narHash": "sha256-YgSEan4CcrjivCNO5ZNzhg7/8ViLkZ4CB/GrGBVSudo=",
        "owner": "NixOS",
        "repo": "nixpkgs",
        "rev": "1e1dc66fe68972a76679644a5577828b6a7e8be4",
        "type": "github"
      },
      "original": {
        "owner": "NixOS",
        "ref": "nixpkgs-unstable",
        "repo": "nixpkgs",
        "type": "github"
      }
    },
    "nixpkgs_4": {
      "locked": {
        "lastModified": 1730741070,
        "narHash": "sha256-edm8WG19kWozJ/GqyYx2VjW99EdhjKwbY3ZwdlPAAlo=",
        "owner": "NixOS",
        "repo": "nixpkgs",
        "rev": "d063c1dd113c91ab27959ba540c0d9753409edf3",
        "type": "github"
      },
      "original": {
        "owner": "NixOS",
        "ref": "nixos-24.05",
        "repo": "nixpkgs",
        "type": "github"
      }
    },
    "nur": {
      "locked": {
        "lastModified": 1730792058,
        "narHash": "sha256-3FCgErecf85iO1bqdz0Xe6OxphoS1Gr6DfFjYyUivo0=",
        "owner": "nix-community",
        "repo": "NUR",
        "rev": "80896fda85c394da208104807fc00866aecf06a9",
        "type": "github"
      },
      "original": {
        "owner": "nix-community",
        "repo": "NUR",
        "type": "github"
      }
    },
    "root": {
      "inputs": {
        "emacs-overlay": "emacs-overlay",
        "emacsConfiguration": "emacsConfiguration",
        "haskell-yesod-quasiquotes": "haskell-yesod-quasiquotes",
        "home-manager": "home-manager",
        "keepmenu": "keepmenu",
        "nix-vscode-extensions": "nix-vscode-extensions",
        "nixos-hardware": "nixos-hardware",
        "nixpkgs": "nixpkgs_4",
        "nur": "nur",
        "sops-nix": "sops-nix",
        "zsh-autosuggestions": "zsh-autosuggestions",
        "zsh-history-substring-search": "zsh-history-substring-search",
        "zsh-nix-shell": "zsh-nix-shell",
        "zsh-you-should-use": "zsh-you-should-use"
      }
    },
    "sops-nix": {
      "inputs": {
        "nixpkgs": [
          "nixpkgs"
        ],
        "nixpkgs-stable": "nixpkgs-stable_2"
      },
      "locked": {
        "lastModified": 1730746162,
        "narHash": "sha256-ZGmI+3AbT8NkDdBQujF+HIxZ+sWXuyT6X8B49etWY2g=",
        "owner": "Mic92",
        "repo": "sops-nix",
        "rev": "59d6988329626132eaf107761643f55eb979eef1",
        "type": "github"
      },
      "original": {
        "owner": "Mic92",
        "repo": "sops-nix",
        "type": "github"
      }
    },
    "systems": {
      "locked": {
        "lastModified": 1681028828,
        "narHash": "sha256-Vy1rq5AaRuLzOxct8nz4T6wlgyUR7zLU309k9mBC768=",
        "owner": "nix-systems",
        "repo": "default",
        "rev": "da67096a3b9bf56a91d16901293e51ba5b49a27e",
        "type": "github"
      },
      "original": {
        "owner": "nix-systems",
        "repo": "default",
        "type": "github"
      }
    },
    "zsh-autosuggestions": {
      "flake": false,
      "locked": {
        "lastModified": 1694098728,
        "narHash": "sha256-B+Kz3B7d97CM/3ztpQyVkE6EfMipVF8Y4HJNfSRXHtU=",
        "owner": "zsh-users",
        "repo": "zsh-autosuggestions",
        "rev": "c3d4e576c9c86eac62884bd47c01f6faed043fc5",
        "type": "github"
      },
      "original": {
        "owner": "zsh-users",
        "repo": "zsh-autosuggestions",
        "type": "github"
      }
    },
    "zsh-history-substring-search": {
      "flake": false,
      "locked": {
        "lastModified": 1717563893,
        "narHash": "sha256-1+w0AeVJtu1EK5iNVwk3loenFuIyVlQmlw8TWliHZGI=",
        "owner": "zsh-users",
        "repo": "zsh-history-substring-search",
        "rev": "87ce96b1862928d84b1afe7c173316614b30e301",
        "type": "github"
      },
      "original": {
        "owner": "zsh-users",
        "repo": "zsh-history-substring-search",
        "type": "github"
      }
    },
    "zsh-nix-shell": {
      "flake": false,
      "locked": {
        "lastModified": 1704028593,
        "narHash": "sha256-Rtg8kWVLhXRuD2/Ctbtgz9MQCtKZOLpAIdommZhXKdE=",
        "owner": "chisui",
        "repo": "zsh-nix-shell",
        "rev": "82ca15e638cc208e6d8368e34a1625ed75e08f90",
        "type": "github"
      },
      "original": {
        "owner": "chisui",
        "repo": "zsh-nix-shell",
        "type": "github"
      }
    },
    "zsh-you-should-use": {
      "flake": false,
      "locked": {
        "lastModified": 1724873287,
        "narHash": "sha256-+3iAmWXSsc4OhFZqAMTwOL7AAHBp5ZtGGtvqCnEOYc0=",
        "owner": "MichaelAquilina",
        "repo": "zsh-you-should-use",
        "rev": "f13d39a1ae84219e4ee14e77d31bb774c91f2fe3",
        "type": "github"
      },
      "original": {
        "owner": "MichaelAquilina",
        "repo": "zsh-you-should-use",
        "type": "github"
      }
    }
  },
  "root": "root",
  "version": 7
}
