{
  "nodes": {
    "emacs-overlay": {
      "locked": {
        "lastModified": 1627291474,
        "narHash": "sha256-/FNA7dpslRKnVeIRyp7ShwJ36q2Xg0ku46Uz8i1S8oU=",
        "owner": "nix-community",
        "repo": "emacs-overlay",
        "rev": "253718c48bfdb167b622f4d2b57b5fece4f58522",
        "type": "github"
      },
      "original": {
        "owner": "nix-community",
        "repo": "emacs-overlay",
        "type": "github"
      }
    },
    "home-manager": {
      "inputs": {
        "nixpkgs": [
          "nixpkgs"
        ]
      },
      "locked": {
        "lastModified": 1627267207,
        "narHash": "sha256-chP4cF4yV0ZUI9E0zwm5KFmRJJ8sHnGrSaKzRKOMioU=",
        "owner": "nix-community",
        "repo": "home-manager",
        "rev": "addc78bea024c85860d60d9682a1ed2664fdf2f6",
        "type": "github"
      },
      "original": {
        "owner": "nix-community",
        "repo": "home-manager",
        "type": "github"
      }
    },
    "nixos-hardware": {
      "locked": {
        "lastModified": 1627212500,
        "narHash": "sha256-KMUQCT3JSqznp+dR6BTvbwLqPFErjNlotVpkp/P/ZmM=",
        "owner": "NixOS",
        "repo": "nixos-hardware",
        "rev": "03e7686c72345f237405c0b46b153dccd3ec9913",
        "type": "github"
      },
      "original": {
        "owner": "NixOS",
        "ref": "master",
        "repo": "nixos-hardware",
        "type": "github"
      }
    },
    "nixpkgs": {
      "locked": {
        "lastModified": 1627128856,
        "narHash": "sha256-yw3lA8zyNFhj309lmxvNByEEymRT1rRy5oE+jEPnsP4=",
        "owner": "NixOS",
        "repo": "nixpkgs",
        "rev": "dd14e5d78e90a2ccd6007e569820de9b4861a6c2",
        "type": "github"
      },
      "original": {
        "owner": "NixOS",
        "ref": "nixos-unstable",
        "repo": "nixpkgs",
        "type": "github"
      }
    },
    "nur": {
      "locked": {
        "lastModified": 1627272502,
        "narHash": "sha256-Vwf9XX6J5daUJJ7PyRbXhq/yLfGP19b1m2t75VHJ4dY=",
        "owner": "nix-community",
        "repo": "NUR",
        "rev": "1077a8dafaf7d320c37a418ec083ef93fc896ace",
        "type": "github"
      },
      "original": {
        "owner": "nix-community",
        "repo": "NUR",
        "type": "github"
      }
    },
    "root": {
      "inputs": {
        "emacs-overlay": "emacs-overlay",
        "home-manager": "home-manager",
        "nixos-hardware": "nixos-hardware",
        "nixpkgs": "nixpkgs",
        "nur": "nur",
        "sops-nix": "sops-nix"
      }
    },
    "sops-nix": {
      "inputs": {
        "nixpkgs": [
          "nixpkgs"
        ]
      },
      "locked": {
        "lastModified": 1625936460,
        "narHash": "sha256-U6xlITKrYuhlHWe+poACaz4GJl3ZVN1BSUqZe2gFg+g=",
        "owner": "Mic92",
        "repo": "sops-nix",
        "rev": "ec2800174de5a7be8ec5b144819af2c7de77abe2",
        "type": "github"
      },
      "original": {
        "owner": "Mic92",
        "repo": "sops-nix",
        "type": "github"
      }
    }
  },
  "root": "root",
  "version": 7
}
