{
  "nodes": {
    "flake-utils": {
      "locked": {
        "lastModified": 1623875721,
        "narHash": "sha256-A8BU7bjS5GirpAUv4QA+QnJ4CceLHkcXdRp4xITDB0s=",
        "owner": "numtide",
        "repo": "flake-utils",
        "rev": "f7e004a55b120c02ecb6219596820fcd32ca8772",
        "type": "github"
      },
      "original": {
        "owner": "numtide",
        "repo": "flake-utils",
        "type": "github"
      }
    },
    "nixpkgs": {
      "locked": {
        "lastModified": 1627411525,
        "narHash": "sha256-a8bya4f+h3mLVQbtP5iAeglUvKQqGQkHmcWQSe5QBcg=",
        "owner": "NixOS",
        "repo": "nixpkgs",
        "rev": "8e4203dd5793d58881dacaf2a2ccb819867a00ef",
        "type": "github"
      },
      "original": {
        "id": "nixpkgs",
        "type": "indirect"
      }
    },
    "root": {
      "inputs": {
        "flake-utils": "flake-utils",
        "nixpkgs": "nixpkgs",
        "sops-nix": "sops-nix"
      }
    },
    "sops-nix": {
      "inputs": {
        "nixpkgs": [
          "nixpkgs"
        ]
      },
      "locked": {
        "lastModified": 1625936460,
        "narHash": "sha256-U6xlITKrYuhlHWe+poACaz4GJl3ZVN1BSUqZe2gFg+g=",
        "owner": "Mic92",
        "repo": "sops-nix",
        "rev": "ec2800174de5a7be8ec5b144819af2c7de77abe2",
        "type": "github"
      },
      "original": {
        "owner": "Mic92",
        "repo": "sops-nix",
        "type": "github"
      }
    }
  },
  "root": "root",
  "version": 7
}
